
Microsoft Visual Studio Solution File, Format Version 12.00
# Visual Studio 15
VisualStudioVersion = 15.0.28307.421
MinimumVisualStudioVersion = 10.0.40219.1
Project("{9A19103F-16F7-4668-BE54-9A1E7A4F7556}") = "HelloWorld", "MinApp\HelloWorld.csproj", "{A1FB59CC-2DE4-437E-83EF-9EA9ED43AC60}"
EndProject
Project("{FAE04EC0-301F-11D3-BF4B-00C04F79EFBC}") = "DebugDemo", "DebugDemo\DebugDemo.csproj", "{1CDBB8FA-D682-467B-9F35-6DCC70F22FDC}"
EndProject
Project("{9A19103F-16F7-4668-BE54-9A1E7A4F7556}") = "TestProjekt", "TestProjekt\TestProjekt.csproj", "{19AEFF08-00DD-47D1-AF49-A88AC3BF49F6}"
EndProject
Project("{9A19103F-16F7-4668-BE54-9A1E7A4F7556}") = "BrugAfVariabler_Tal", "BrugAfVariabler_Tal\BrugAfVariabler_Tal.csproj", "{29ACB25D-8B56-4F26-A6B7-E02704362983}"
EndProject
Project("{9A19103F-16F7-4668-BE54-9A1E7A4F7556}") = "regnemaskine_typekonvertering", "regnemaskine_typekonvertering\regnemaskine_typekonvertering.csproj", "{C16210C3-DF1C-484F-B528-8392B747EB3D}"
EndProject
Project("{9A19103F-16F7-4668-BE54-9A1E7A4F7556}") = "BrugAfVariabler_DateTime", "BrugAfVariabler_DateTime\BrugAfVariabler_DateTime.csproj", "{5BD84E50-DF70-40B2-8BF0-EAAF6EE5E848}"
EndProject
Project("{9A19103F-16F7-4668-BE54-9A1E7A4F7556}") = "BrugAfVariabler_Text", "BrugAfVariabler_Text\BrugAfVariabler_Text.csproj", "{4B05779F-257F-4343-8471-BB3105F70A31}"
EndProject
Project("{9A19103F-16F7-4668-BE54-9A1E7A4F7556}") = "Variabler_Enum", "Variabler_Enum\Variabler_Enum.csproj", "{7FABD999-E719-44B9-8757-8E04EF4170AC}"
EndProject
Project("{9A19103F-16F7-4668-BE54-9A1E7A4F7556}") = "Variabler_Struct", "Variabler_Struct\Variabler_Struct.csproj", "{2755213C-B1FA-4DB7-AC6A-C73BCBC59731}"
EndProject
Project("{9A19103F-16F7-4668-BE54-9A1E7A4F7556}") = "Variabler_Struct_Enum", "Variabler_Struct_Enum\Variabler_Struct_Enum.csproj", "{15DC5C7C-D841-4B8B-AF31-EF4668A11640}"
EndProject
Project("{9A19103F-16F7-4668-BE54-9A1E7A4F7556}") = "ScratchPad", "ScratchPad\ScratchPad.csproj", "{48E713C7-F223-4EB0-9C8B-2157E172F4C9}"
EndProject
Project("{9A19103F-16F7-4668-BE54-9A1E7A4F7556}") = "Flow_for_og_if", "Flow_for_og_if\Flow_for_og_if.csproj", "{C301EFA0-31CB-42E8-89F5-55ACF2BF0A1C}"
EndProject
Project("{9A19103F-16F7-4668-BE54-9A1E7A4F7556}") = "Flow_Break_Continue", "Flow_Break_Continue\Flow_Break_Continue.csproj", "{B290CE18-AD99-4C37-87D8-80FA9911C2DC}"
EndProject
Project("{9A19103F-16F7-4668-BE54-9A1E7A4F7556}") = "Metoder_Simple", "Metoder_Simple\Metoder_Simple.csproj", "{64AB7F1D-7E31-4A90-B535-AB97DE138C0F}"
EndProject
Project("{9A19103F-16F7-4668-BE54-9A1E7A4F7556}") = "Metoder_Statisk", "Metoder_Statisk\Metoder_Statisk.csproj", "{38DB589C-9A13-453F-BD2F-E57BB471A1C2}"
EndProject
Project("{9A19103F-16F7-4668-BE54-9A1E7A4F7556}") = "Metoder_Overload", "Metoder_Overload\Metoder_Overload.csproj", "{A8A837D0-7855-4DA9-902A-4AC00206C59C}"
EndProject
Project("{9A19103F-16F7-4668-BE54-9A1E7A4F7556}") = "Metoder_rekursiv", "Metoder_rekursiv\Metoder_rekursiv.csproj", "{8AE3AAC2-CD28-45EA-BDCC-62F06A0A6708}"
EndProject
Project("{9A19103F-16F7-4668-BE54-9A1E7A4F7556}") = "metoder_rekursiv_adv", "metoder_rekursiv_adv\metoder_rekursiv_adv.csproj", "{185032CA-F15C-4CA8-9757-39EC87F3558F}"
EndProject
Project("{9A19103F-16F7-4668-BE54-9A1E7A4F7556}") = "ErrorHandling_Simple", "ErrorHandling_Simple\ErrorHandling_Simple.csproj", "{483979F5-0E64-4C61-BAD8-9A9B872F75D7}"
EndProject
Project("{9A19103F-16F7-4668-BE54-9A1E7A4F7556}") = "ErrorHandling_Simple_Retry", "ErrorHandling_Simple_Retry\ErrorHandling_Simple_Retry.csproj", "{1011D489-FA57-4B8C-90C2-86F8F9823DEE}"
EndProject
Project("{9A19103F-16F7-4668-BE54-9A1E7A4F7556}") = "ErrorHandling_Exceptions_RollingYourOwn_Simple", "ErrorHandling_Exceptions_RollingYourOwn\ErrorHandling_Exceptions_RollingYourOwn_Simple.csproj", "{217A1733-E3AE-44F0-8E0C-6437D2796599}"
EndProject
Project("{9A19103F-16F7-4668-BE54-9A1E7A4F7556}") = "ErrorHandling_Exceptions_RollingYourOwn_Advanced", "ErrorHandling_Exceptions_RollingYourOwn_Advanced\ErrorHandling_Exceptions_RollingYourOwn_Advanced.csproj", "{0255E21D-AD6D-4E3A-880E-E10EEF09A3F2}"
EndProject
Project("{2150E333-8FDC-42A3-9474-1A3956D46DE8}") = "FirstSession", "FirstSession", "{3C30C7AD-3CD1-4E3E-8F50-9BAD94AAAA5B}"
EndProject
Project("{2150E333-8FDC-42A3-9474-1A3956D46DE8}") = "SecondSession", "SecondSession", "{7CB6E86D-7511-4572-A852-E112B14E29D9}"
EndProject
Project("{9A19103F-16F7-4668-BE54-9A1E7A4F7556}") = "Hukommelse_Struct_Class", "Hukommelse_Struct_Class\Hukommelse_Struct_Class.csproj", "{C12D86C7-C1DB-4885-9F29-8459B4C87F41}"
EndProject
Project("{9A19103F-16F7-4668-BE54-9A1E7A4F7556}") = "Klasser_SimpelKlasse", "Klasser_SimpelKlasse\Klasser_SimpelKlasse.csproj", "{480C7DFC-16B8-4F29-B866-89A0A26BE2A6}"
EndProject
Project("{9A19103F-16F7-4668-BE54-9A1E7A4F7556}") = "Klasser_Terning", "Klasser_Terning\Klasser_Terning.csproj", "{7FD9C98B-44EB-44EC-AAD7-1EF342BB452E}"
EndProject
Project("{9A19103F-16F7-4668-BE54-9A1E7A4F7556}") = "Klasser_Static", "Klasser_Static\Klasser_Static.csproj", "{8537D647-708B-45BB-B6FE-A0BF487B6A74}"
EndProject
Project("{9A19103F-16F7-4668-BE54-9A1E7A4F7556}") = "Klasser_Singleton", "Klasser_Singleton\Klasser_Singleton.csproj", "{01333B8F-C01F-4E7B-A9A2-821733BFB944}"
EndProject
Project("{9A19103F-16F7-4668-BE54-9A1E7A4F7556}") = "Egenskaber_KompletteEgenskaber", "Egenskaber_KompletteEgenskaber\Egenskaber_KompletteEgenskaber.csproj", "{DC0F8CAB-72BF-470D-AE6B-D97CD668560C}"
EndProject
Project("{9A19103F-16F7-4668-BE54-9A1E7A4F7556}") = "Egenskaber_GetSomMetoder", "Egenskaber_GetSomMetoder\Egenskaber_GetSomMetoder.csproj", "{3FD9B69C-D4B5-47B9-96BD-AD9274BE52C0}"
EndProject
Project("{9A19103F-16F7-4668-BE54-9A1E7A4F7556}") = "Egenskaber_AutomatiskeEgenskaber", "Egenskaber_AutomatiskeEgenskaber\Egenskaber_AutomatiskeEgenskaber.csproj", "{382F04A1-FEC0-43C3-9F40-66759553B80D}"
EndProject
Project("{2150E333-8FDC-42A3-9474-1A3956D46DE8}") = "ThirdSession", "ThirdSession", "{E1A2EC54-2C42-4306-99BB-C49BD437A19F}"
EndProject
Project("{9A19103F-16F7-4668-BE54-9A1E7A4F7556}") = "Arv_Polymorfi", "Arv_Polymorfi\Arv_Polymorfi.csproj", "{C8D35CA6-C1F7-4FA5-B69B-1CE8A17D7DE8}"
EndProject
Project("{9A19103F-16F7-4668-BE54-9A1E7A4F7556}") = "Arv_Terning", "Arv_Terning\Arv_Terning.csproj", "{F0EC9D5C-324B-4C18-9AD1-0EF2A930C206}"
EndProject
Project("{9A19103F-16F7-4668-BE54-9A1E7A4F7556}") = "InterfaceOfOurOwn", "InterfaceOfOurOwn\InterfaceOfOurOwn.csproj", "{B232C8AA-5845-41EE-ABF9-A612D2FFBA58}"
EndProject
Project("{9A19103F-16F7-4668-BE54-9A1E7A4F7556}") = "InterfaceCompare", "InterfaceCompare\InterfaceCompare.csproj", "{7A5D9162-536A-44FF-B47B-88A6BE81293F}"
EndProject
Project("{9A19103F-16F7-4668-BE54-9A1E7A4F7556}") = "DependencyInjection_Interface", "DependencyInjection_Interface\DependencyInjection_Interface.csproj", "{A7CC6AD5-878B-4671-880E-F4D176A38B13}"
EndProject
Project("{9A19103F-16F7-4668-BE54-9A1E7A4F7556}") = "Delegates_HeltGrundlæggende", "Delegates_HeltGrundlæggende\Delegates_HeltGrundlæggende.csproj", "{8CA6B19D-C43B-4B1E-9220-5C6FB9639E06}"
EndProject
Project("{9A19103F-16F7-4668-BE54-9A1E7A4F7556}") = "DelegatesBeregner", "DelegatesBeregner\DelegatesBeregner.csproj", "{90F698D0-FE45-4538-92E8-9A711D25AFCF}"
EndProject
Project("{9A19103F-16F7-4668-BE54-9A1E7A4F7556}") = "Delegates_Log", "Delegates_Log\Delegates_Log.csproj", "{01BA289F-F072-415B-97B2-DD54C45BAEE1}"
EndProject
Project("{FAE04EC0-301F-11D3-BF4B-00C04F79EFBC}") = "DelegatesBeregner_MedFunc", "DelegatesBeregner_MedFunc\DelegatesBeregner_MedFunc.csproj", "{F4D9F1BF-5A28-4133-BE5A-93E0DFC6E811}"
EndProject
Project("{FAE04EC0-301F-11D3-BF4B-00C04F79EFBC}") = "Delegates_Lambda", "Delegates_Lambda\Delegates_Lambda.csproj", "{3562905C-89B3-49F2-9A37-A10CD48E961C}"
EndProject
Project("{FAE04EC0-301F-11D3-BF4B-00C04F79EFBC}") = "XamlTest", "XamlTest\XamlTest.csproj", "{ECB47BE7-172B-4D10-95D6-FC0942258C2A}"
EndProject
Project("{FAE04EC0-301F-11D3-BF4B-00C04F79EFBC}") = "Events_Filewatcher", "Events_Filewatcher\Events_Filewatcher.csproj", "{F96E887B-7B37-4FC7-AD54-4A6A398F2DCC}"
EndProject
Project("{FAE04EC0-301F-11D3-BF4B-00C04F79EFBC}") = "Events_KreditMax", "Events_KreditMax\Events_KreditMax.csproj", "{D94415F6-6239-4642-9DE7-7B25521FB266}"
EndProject
Project("{FAE04EC0-301F-11D3-BF4B-00C04F79EFBC}") = "LinqToObjects", "LinqToObjects\LinqToObjects.csproj", "{1FFC72B9-F3AD-4747-80D3-F8D03BC417C8}"
EndProject
Global
	GlobalSection(SolutionConfigurationPlatforms) = preSolution
		Debug|Any CPU = Debug|Any CPU
		Release|Any CPU = Release|Any CPU
	EndGlobalSection
	GlobalSection(ProjectConfigurationPlatforms) = postSolution
		{A1FB59CC-2DE4-437E-83EF-9EA9ED43AC60}.Debug|Any CPU.ActiveCfg = Debug|Any CPU
		{A1FB59CC-2DE4-437E-83EF-9EA9ED43AC60}.Debug|Any CPU.Build.0 = Debug|Any CPU
		{A1FB59CC-2DE4-437E-83EF-9EA9ED43AC60}.Release|Any CPU.ActiveCfg = Release|Any CPU
		{A1FB59CC-2DE4-437E-83EF-9EA9ED43AC60}.Release|Any CPU.Build.0 = Release|Any CPU
		{1CDBB8FA-D682-467B-9F35-6DCC70F22FDC}.Debug|Any CPU.ActiveCfg = Debug|Any CPU
		{1CDBB8FA-D682-467B-9F35-6DCC70F22FDC}.Debug|Any CPU.Build.0 = Debug|Any CPU
		{1CDBB8FA-D682-467B-9F35-6DCC70F22FDC}.Release|Any CPU.ActiveCfg = Release|Any CPU
		{1CDBB8FA-D682-467B-9F35-6DCC70F22FDC}.Release|Any CPU.Build.0 = Release|Any CPU
		{19AEFF08-00DD-47D1-AF49-A88AC3BF49F6}.Debug|Any CPU.ActiveCfg = Debug|Any CPU
		{19AEFF08-00DD-47D1-AF49-A88AC3BF49F6}.Debug|Any CPU.Build.0 = Debug|Any CPU
		{19AEFF08-00DD-47D1-AF49-A88AC3BF49F6}.Release|Any CPU.ActiveCfg = Release|Any CPU
		{19AEFF08-00DD-47D1-AF49-A88AC3BF49F6}.Release|Any CPU.Build.0 = Release|Any CPU
		{29ACB25D-8B56-4F26-A6B7-E02704362983}.Debug|Any CPU.ActiveCfg = Debug|Any CPU
		{29ACB25D-8B56-4F26-A6B7-E02704362983}.Debug|Any CPU.Build.0 = Debug|Any CPU
		{29ACB25D-8B56-4F26-A6B7-E02704362983}.Release|Any CPU.ActiveCfg = Release|Any CPU
		{29ACB25D-8B56-4F26-A6B7-E02704362983}.Release|Any CPU.Build.0 = Release|Any CPU
		{C16210C3-DF1C-484F-B528-8392B747EB3D}.Debug|Any CPU.ActiveCfg = Debug|Any CPU
		{C16210C3-DF1C-484F-B528-8392B747EB3D}.Debug|Any CPU.Build.0 = Debug|Any CPU
		{C16210C3-DF1C-484F-B528-8392B747EB3D}.Release|Any CPU.ActiveCfg = Release|Any CPU
		{C16210C3-DF1C-484F-B528-8392B747EB3D}.Release|Any CPU.Build.0 = Release|Any CPU
		{5BD84E50-DF70-40B2-8BF0-EAAF6EE5E848}.Debug|Any CPU.ActiveCfg = Debug|Any CPU
		{5BD84E50-DF70-40B2-8BF0-EAAF6EE5E848}.Debug|Any CPU.Build.0 = Debug|Any CPU
		{5BD84E50-DF70-40B2-8BF0-EAAF6EE5E848}.Release|Any CPU.ActiveCfg = Release|Any CPU
		{5BD84E50-DF70-40B2-8BF0-EAAF6EE5E848}.Release|Any CPU.Build.0 = Release|Any CPU
		{4B05779F-257F-4343-8471-BB3105F70A31}.Debug|Any CPU.ActiveCfg = Debug|Any CPU
		{4B05779F-257F-4343-8471-BB3105F70A31}.Debug|Any CPU.Build.0 = Debug|Any CPU
		{4B05779F-257F-4343-8471-BB3105F70A31}.Release|Any CPU.ActiveCfg = Release|Any CPU
		{4B05779F-257F-4343-8471-BB3105F70A31}.Release|Any CPU.Build.0 = Release|Any CPU
		{7FABD999-E719-44B9-8757-8E04EF4170AC}.Debug|Any CPU.ActiveCfg = Debug|Any CPU
		{7FABD999-E719-44B9-8757-8E04EF4170AC}.Debug|Any CPU.Build.0 = Debug|Any CPU
		{7FABD999-E719-44B9-8757-8E04EF4170AC}.Release|Any CPU.ActiveCfg = Release|Any CPU
		{7FABD999-E719-44B9-8757-8E04EF4170AC}.Release|Any CPU.Build.0 = Release|Any CPU
		{2755213C-B1FA-4DB7-AC6A-C73BCBC59731}.Debug|Any CPU.ActiveCfg = Debug|Any CPU
		{2755213C-B1FA-4DB7-AC6A-C73BCBC59731}.Debug|Any CPU.Build.0 = Debug|Any CPU
		{2755213C-B1FA-4DB7-AC6A-C73BCBC59731}.Release|Any CPU.ActiveCfg = Release|Any CPU
		{2755213C-B1FA-4DB7-AC6A-C73BCBC59731}.Release|Any CPU.Build.0 = Release|Any CPU
		{15DC5C7C-D841-4B8B-AF31-EF4668A11640}.Debug|Any CPU.ActiveCfg = Debug|Any CPU
		{15DC5C7C-D841-4B8B-AF31-EF4668A11640}.Debug|Any CPU.Build.0 = Debug|Any CPU
		{15DC5C7C-D841-4B8B-AF31-EF4668A11640}.Release|Any CPU.ActiveCfg = Release|Any CPU
		{15DC5C7C-D841-4B8B-AF31-EF4668A11640}.Release|Any CPU.Build.0 = Release|Any CPU
		{48E713C7-F223-4EB0-9C8B-2157E172F4C9}.Debug|Any CPU.ActiveCfg = Debug|Any CPU
		{48E713C7-F223-4EB0-9C8B-2157E172F4C9}.Debug|Any CPU.Build.0 = Debug|Any CPU
		{48E713C7-F223-4EB0-9C8B-2157E172F4C9}.Release|Any CPU.ActiveCfg = Release|Any CPU
		{48E713C7-F223-4EB0-9C8B-2157E172F4C9}.Release|Any CPU.Build.0 = Release|Any CPU
		{C301EFA0-31CB-42E8-89F5-55ACF2BF0A1C}.Debug|Any CPU.ActiveCfg = Debug|Any CPU
		{C301EFA0-31CB-42E8-89F5-55ACF2BF0A1C}.Debug|Any CPU.Build.0 = Debug|Any CPU
		{C301EFA0-31CB-42E8-89F5-55ACF2BF0A1C}.Release|Any CPU.ActiveCfg = Release|Any CPU
		{C301EFA0-31CB-42E8-89F5-55ACF2BF0A1C}.Release|Any CPU.Build.0 = Release|Any CPU
		{B290CE18-AD99-4C37-87D8-80FA9911C2DC}.Debug|Any CPU.ActiveCfg = Debug|Any CPU
		{B290CE18-AD99-4C37-87D8-80FA9911C2DC}.Debug|Any CPU.Build.0 = Debug|Any CPU
		{B290CE18-AD99-4C37-87D8-80FA9911C2DC}.Release|Any CPU.ActiveCfg = Release|Any CPU
		{B290CE18-AD99-4C37-87D8-80FA9911C2DC}.Release|Any CPU.Build.0 = Release|Any CPU
		{64AB7F1D-7E31-4A90-B535-AB97DE138C0F}.Debug|Any CPU.ActiveCfg = Debug|Any CPU
		{64AB7F1D-7E31-4A90-B535-AB97DE138C0F}.Debug|Any CPU.Build.0 = Debug|Any CPU
		{64AB7F1D-7E31-4A90-B535-AB97DE138C0F}.Release|Any CPU.ActiveCfg = Release|Any CPU
		{64AB7F1D-7E31-4A90-B535-AB97DE138C0F}.Release|Any CPU.Build.0 = Release|Any CPU
		{38DB589C-9A13-453F-BD2F-E57BB471A1C2}.Debug|Any CPU.ActiveCfg = Debug|Any CPU
		{38DB589C-9A13-453F-BD2F-E57BB471A1C2}.Debug|Any CPU.Build.0 = Debug|Any CPU
		{38DB589C-9A13-453F-BD2F-E57BB471A1C2}.Release|Any CPU.ActiveCfg = Release|Any CPU
		{38DB589C-9A13-453F-BD2F-E57BB471A1C2}.Release|Any CPU.Build.0 = Release|Any CPU
		{A8A837D0-7855-4DA9-902A-4AC00206C59C}.Debug|Any CPU.ActiveCfg = Debug|Any CPU
		{A8A837D0-7855-4DA9-902A-4AC00206C59C}.Debug|Any CPU.Build.0 = Debug|Any CPU
		{A8A837D0-7855-4DA9-902A-4AC00206C59C}.Release|Any CPU.ActiveCfg = Release|Any CPU
		{A8A837D0-7855-4DA9-902A-4AC00206C59C}.Release|Any CPU.Build.0 = Release|Any CPU
		{8AE3AAC2-CD28-45EA-BDCC-62F06A0A6708}.Debug|Any CPU.ActiveCfg = Debug|Any CPU
		{8AE3AAC2-CD28-45EA-BDCC-62F06A0A6708}.Debug|Any CPU.Build.0 = Debug|Any CPU
		{8AE3AAC2-CD28-45EA-BDCC-62F06A0A6708}.Release|Any CPU.ActiveCfg = Release|Any CPU
		{8AE3AAC2-CD28-45EA-BDCC-62F06A0A6708}.Release|Any CPU.Build.0 = Release|Any CPU
		{185032CA-F15C-4CA8-9757-39EC87F3558F}.Debug|Any CPU.ActiveCfg = Debug|Any CPU
		{185032CA-F15C-4CA8-9757-39EC87F3558F}.Debug|Any CPU.Build.0 = Debug|Any CPU
		{185032CA-F15C-4CA8-9757-39EC87F3558F}.Release|Any CPU.ActiveCfg = Release|Any CPU
		{185032CA-F15C-4CA8-9757-39EC87F3558F}.Release|Any CPU.Build.0 = Release|Any CPU
		{483979F5-0E64-4C61-BAD8-9A9B872F75D7}.Debug|Any CPU.ActiveCfg = Debug|Any CPU
		{483979F5-0E64-4C61-BAD8-9A9B872F75D7}.Debug|Any CPU.Build.0 = Debug|Any CPU
		{483979F5-0E64-4C61-BAD8-9A9B872F75D7}.Release|Any CPU.ActiveCfg = Release|Any CPU
		{483979F5-0E64-4C61-BAD8-9A9B872F75D7}.Release|Any CPU.Build.0 = Release|Any CPU
		{1011D489-FA57-4B8C-90C2-86F8F9823DEE}.Debug|Any CPU.ActiveCfg = Debug|Any CPU
		{1011D489-FA57-4B8C-90C2-86F8F9823DEE}.Debug|Any CPU.Build.0 = Debug|Any CPU
		{1011D489-FA57-4B8C-90C2-86F8F9823DEE}.Release|Any CPU.ActiveCfg = Release|Any CPU
		{1011D489-FA57-4B8C-90C2-86F8F9823DEE}.Release|Any CPU.Build.0 = Release|Any CPU
		{217A1733-E3AE-44F0-8E0C-6437D2796599}.Debug|Any CPU.ActiveCfg = Debug|Any CPU
		{217A1733-E3AE-44F0-8E0C-6437D2796599}.Debug|Any CPU.Build.0 = Debug|Any CPU
		{217A1733-E3AE-44F0-8E0C-6437D2796599}.Release|Any CPU.ActiveCfg = Release|Any CPU
		{217A1733-E3AE-44F0-8E0C-6437D2796599}.Release|Any CPU.Build.0 = Release|Any CPU
		{0255E21D-AD6D-4E3A-880E-E10EEF09A3F2}.Debug|Any CPU.ActiveCfg = Debug|Any CPU
		{0255E21D-AD6D-4E3A-880E-E10EEF09A3F2}.Debug|Any CPU.Build.0 = Debug|Any CPU
		{0255E21D-AD6D-4E3A-880E-E10EEF09A3F2}.Release|Any CPU.ActiveCfg = Release|Any CPU
		{0255E21D-AD6D-4E3A-880E-E10EEF09A3F2}.Release|Any CPU.Build.0 = Release|Any CPU
		{C12D86C7-C1DB-4885-9F29-8459B4C87F41}.Debug|Any CPU.ActiveCfg = Debug|Any CPU
		{C12D86C7-C1DB-4885-9F29-8459B4C87F41}.Debug|Any CPU.Build.0 = Debug|Any CPU
		{C12D86C7-C1DB-4885-9F29-8459B4C87F41}.Release|Any CPU.ActiveCfg = Release|Any CPU
		{C12D86C7-C1DB-4885-9F29-8459B4C87F41}.Release|Any CPU.Build.0 = Release|Any CPU
		{480C7DFC-16B8-4F29-B866-89A0A26BE2A6}.Debug|Any CPU.ActiveCfg = Debug|Any CPU
		{480C7DFC-16B8-4F29-B866-89A0A26BE2A6}.Debug|Any CPU.Build.0 = Debug|Any CPU
		{480C7DFC-16B8-4F29-B866-89A0A26BE2A6}.Release|Any CPU.ActiveCfg = Release|Any CPU
		{480C7DFC-16B8-4F29-B866-89A0A26BE2A6}.Release|Any CPU.Build.0 = Release|Any CPU
		{7FD9C98B-44EB-44EC-AAD7-1EF342BB452E}.Debug|Any CPU.ActiveCfg = Debug|Any CPU
		{7FD9C98B-44EB-44EC-AAD7-1EF342BB452E}.Debug|Any CPU.Build.0 = Debug|Any CPU
		{7FD9C98B-44EB-44EC-AAD7-1EF342BB452E}.Release|Any CPU.ActiveCfg = Release|Any CPU
		{7FD9C98B-44EB-44EC-AAD7-1EF342BB452E}.Release|Any CPU.Build.0 = Release|Any CPU
		{8537D647-708B-45BB-B6FE-A0BF487B6A74}.Debug|Any CPU.ActiveCfg = Debug|Any CPU
		{8537D647-708B-45BB-B6FE-A0BF487B6A74}.Debug|Any CPU.Build.0 = Debug|Any CPU
		{8537D647-708B-45BB-B6FE-A0BF487B6A74}.Release|Any CPU.ActiveCfg = Release|Any CPU
		{8537D647-708B-45BB-B6FE-A0BF487B6A74}.Release|Any CPU.Build.0 = Release|Any CPU
		{01333B8F-C01F-4E7B-A9A2-821733BFB944}.Debug|Any CPU.ActiveCfg = Debug|Any CPU
		{01333B8F-C01F-4E7B-A9A2-821733BFB944}.Debug|Any CPU.Build.0 = Debug|Any CPU
		{01333B8F-C01F-4E7B-A9A2-821733BFB944}.Release|Any CPU.ActiveCfg = Release|Any CPU
		{01333B8F-C01F-4E7B-A9A2-821733BFB944}.Release|Any CPU.Build.0 = Release|Any CPU
		{DC0F8CAB-72BF-470D-AE6B-D97CD668560C}.Debug|Any CPU.ActiveCfg = Debug|Any CPU
		{DC0F8CAB-72BF-470D-AE6B-D97CD668560C}.Debug|Any CPU.Build.0 = Debug|Any CPU
		{DC0F8CAB-72BF-470D-AE6B-D97CD668560C}.Release|Any CPU.ActiveCfg = Release|Any CPU
		{DC0F8CAB-72BF-470D-AE6B-D97CD668560C}.Release|Any CPU.Build.0 = Release|Any CPU
		{3FD9B69C-D4B5-47B9-96BD-AD9274BE52C0}.Debug|Any CPU.ActiveCfg = Debug|Any CPU
		{3FD9B69C-D4B5-47B9-96BD-AD9274BE52C0}.Debug|Any CPU.Build.0 = Debug|Any CPU
		{3FD9B69C-D4B5-47B9-96BD-AD9274BE52C0}.Release|Any CPU.ActiveCfg = Release|Any CPU
		{3FD9B69C-D4B5-47B9-96BD-AD9274BE52C0}.Release|Any CPU.Build.0 = Release|Any CPU
		{382F04A1-FEC0-43C3-9F40-66759553B80D}.Debug|Any CPU.ActiveCfg = Debug|Any CPU
		{382F04A1-FEC0-43C3-9F40-66759553B80D}.Debug|Any CPU.Build.0 = Debug|Any CPU
		{382F04A1-FEC0-43C3-9F40-66759553B80D}.Release|Any CPU.ActiveCfg = Release|Any CPU
		{382F04A1-FEC0-43C3-9F40-66759553B80D}.Release|Any CPU.Build.0 = Release|Any CPU
		{C8D35CA6-C1F7-4FA5-B69B-1CE8A17D7DE8}.Debug|Any CPU.ActiveCfg = Debug|Any CPU
		{C8D35CA6-C1F7-4FA5-B69B-1CE8A17D7DE8}.Debug|Any CPU.Build.0 = Debug|Any CPU
		{C8D35CA6-C1F7-4FA5-B69B-1CE8A17D7DE8}.Release|Any CPU.ActiveCfg = Release|Any CPU
		{C8D35CA6-C1F7-4FA5-B69B-1CE8A17D7DE8}.Release|Any CPU.Build.0 = Release|Any CPU
		{F0EC9D5C-324B-4C18-9AD1-0EF2A930C206}.Debug|Any CPU.ActiveCfg = Debug|Any CPU
		{F0EC9D5C-324B-4C18-9AD1-0EF2A930C206}.Debug|Any CPU.Build.0 = Debug|Any CPU
		{F0EC9D5C-324B-4C18-9AD1-0EF2A930C206}.Release|Any CPU.ActiveCfg = Release|Any CPU
		{F0EC9D5C-324B-4C18-9AD1-0EF2A930C206}.Release|Any CPU.Build.0 = Release|Any CPU
		{B232C8AA-5845-41EE-ABF9-A612D2FFBA58}.Debug|Any CPU.ActiveCfg = Debug|Any CPU
		{B232C8AA-5845-41EE-ABF9-A612D2FFBA58}.Debug|Any CPU.Build.0 = Debug|Any CPU
		{B232C8AA-5845-41EE-ABF9-A612D2FFBA58}.Release|Any CPU.ActiveCfg = Release|Any CPU
		{B232C8AA-5845-41EE-ABF9-A612D2FFBA58}.Release|Any CPU.Build.0 = Release|Any CPU
		{7A5D9162-536A-44FF-B47B-88A6BE81293F}.Debug|Any CPU.ActiveCfg = Debug|Any CPU
		{7A5D9162-536A-44FF-B47B-88A6BE81293F}.Debug|Any CPU.Build.0 = Debug|Any CPU
		{7A5D9162-536A-44FF-B47B-88A6BE81293F}.Release|Any CPU.ActiveCfg = Release|Any CPU
		{7A5D9162-536A-44FF-B47B-88A6BE81293F}.Release|Any CPU.Build.0 = Release|Any CPU
		{A7CC6AD5-878B-4671-880E-F4D176A38B13}.Debug|Any CPU.ActiveCfg = Debug|Any CPU
		{A7CC6AD5-878B-4671-880E-F4D176A38B13}.Debug|Any CPU.Build.0 = Debug|Any CPU
		{A7CC6AD5-878B-4671-880E-F4D176A38B13}.Release|Any CPU.ActiveCfg = Release|Any CPU
		{A7CC6AD5-878B-4671-880E-F4D176A38B13}.Release|Any CPU.Build.0 = Release|Any CPU
		{8CA6B19D-C43B-4B1E-9220-5C6FB9639E06}.Debug|Any CPU.ActiveCfg = Debug|Any CPU
		{8CA6B19D-C43B-4B1E-9220-5C6FB9639E06}.Debug|Any CPU.Build.0 = Debug|Any CPU
		{8CA6B19D-C43B-4B1E-9220-5C6FB9639E06}.Release|Any CPU.ActiveCfg = Release|Any CPU
		{8CA6B19D-C43B-4B1E-9220-5C6FB9639E06}.Release|Any CPU.Build.0 = Release|Any CPU
		{90F698D0-FE45-4538-92E8-9A711D25AFCF}.Debug|Any CPU.ActiveCfg = Debug|Any CPU
		{90F698D0-FE45-4538-92E8-9A711D25AFCF}.Debug|Any CPU.Build.0 = Debug|Any CPU
		{90F698D0-FE45-4538-92E8-9A711D25AFCF}.Release|Any CPU.ActiveCfg = Release|Any CPU
		{90F698D0-FE45-4538-92E8-9A711D25AFCF}.Release|Any CPU.Build.0 = Release|Any CPU
		{01BA289F-F072-415B-97B2-DD54C45BAEE1}.Debug|Any CPU.ActiveCfg = Debug|Any CPU
		{01BA289F-F072-415B-97B2-DD54C45BAEE1}.Debug|Any CPU.Build.0 = Debug|Any CPU
		{01BA289F-F072-415B-97B2-DD54C45BAEE1}.Release|Any CPU.ActiveCfg = Release|Any CPU
		{01BA289F-F072-415B-97B2-DD54C45BAEE1}.Release|Any CPU.Build.0 = Release|Any CPU
		{F4D9F1BF-5A28-4133-BE5A-93E0DFC6E811}.Debug|Any CPU.ActiveCfg = Debug|Any CPU
		{F4D9F1BF-5A28-4133-BE5A-93E0DFC6E811}.Debug|Any CPU.Build.0 = Debug|Any CPU
		{F4D9F1BF-5A28-4133-BE5A-93E0DFC6E811}.Release|Any CPU.ActiveCfg = Release|Any CPU
		{F4D9F1BF-5A28-4133-BE5A-93E0DFC6E811}.Release|Any CPU.Build.0 = Release|Any CPU
		{3562905C-89B3-49F2-9A37-A10CD48E961C}.Debug|Any CPU.ActiveCfg = Debug|Any CPU
		{3562905C-89B3-49F2-9A37-A10CD48E961C}.Debug|Any CPU.Build.0 = Debug|Any CPU
		{3562905C-89B3-49F2-9A37-A10CD48E961C}.Release|Any CPU.ActiveCfg = Release|Any CPU
		{3562905C-89B3-49F2-9A37-A10CD48E961C}.Release|Any CPU.Build.0 = Release|Any CPU
		{ECB47BE7-172B-4D10-95D6-FC0942258C2A}.Debug|Any CPU.ActiveCfg = Debug|Any CPU
		{ECB47BE7-172B-4D10-95D6-FC0942258C2A}.Debug|Any CPU.Build.0 = Debug|Any CPU
		{ECB47BE7-172B-4D10-95D6-FC0942258C2A}.Release|Any CPU.ActiveCfg = Release|Any CPU
		{ECB47BE7-172B-4D10-95D6-FC0942258C2A}.Release|Any CPU.Build.0 = Release|Any CPU
		{F96E887B-7B37-4FC7-AD54-4A6A398F2DCC}.Debug|Any CPU.ActiveCfg = Debug|Any CPU
		{F96E887B-7B37-4FC7-AD54-4A6A398F2DCC}.Debug|Any CPU.Build.0 = Debug|Any CPU
		{F96E887B-7B37-4FC7-AD54-4A6A398F2DCC}.Release|Any CPU.ActiveCfg = Release|Any CPU
		{F96E887B-7B37-4FC7-AD54-4A6A398F2DCC}.Release|Any CPU.Build.0 = Release|Any CPU
		{D94415F6-6239-4642-9DE7-7B25521FB266}.Debug|Any CPU.ActiveCfg = Debug|Any CPU
		{D94415F6-6239-4642-9DE7-7B25521FB266}.Debug|Any CPU.Build.0 = Debug|Any CPU
		{D94415F6-6239-4642-9DE7-7B25521FB266}.Release|Any CPU.ActiveCfg = Release|Any CPU
		{D94415F6-6239-4642-9DE7-7B25521FB266}.Release|Any CPU.Build.0 = Release|Any CPU
		{1FFC72B9-F3AD-4747-80D3-F8D03BC417C8}.Debug|Any CPU.ActiveCfg = Debug|Any CPU
		{1FFC72B9-F3AD-4747-80D3-F8D03BC417C8}.Debug|Any CPU.Build.0 = Debug|Any CPU
		{1FFC72B9-F3AD-4747-80D3-F8D03BC417C8}.Release|Any CPU.ActiveCfg = Release|Any CPU
		{1FFC72B9-F3AD-4747-80D3-F8D03BC417C8}.Release|Any CPU.Build.0 = Release|Any CPU
	EndGlobalSection
	GlobalSection(SolutionProperties) = preSolution
		HideSolutionNode = FALSE
	EndGlobalSection
	GlobalSection(NestedProjects) = preSolution
		{A1FB59CC-2DE4-437E-83EF-9EA9ED43AC60} = {3C30C7AD-3CD1-4E3E-8F50-9BAD94AAAA5B}
		{1CDBB8FA-D682-467B-9F35-6DCC70F22FDC} = {3C30C7AD-3CD1-4E3E-8F50-9BAD94AAAA5B}
		{29ACB25D-8B56-4F26-A6B7-E02704362983} = {3C30C7AD-3CD1-4E3E-8F50-9BAD94AAAA5B}
		{C16210C3-DF1C-484F-B528-8392B747EB3D} = {3C30C7AD-3CD1-4E3E-8F50-9BAD94AAAA5B}
		{5BD84E50-DF70-40B2-8BF0-EAAF6EE5E848} = {3C30C7AD-3CD1-4E3E-8F50-9BAD94AAAA5B}
		{4B05779F-257F-4343-8471-BB3105F70A31} = {3C30C7AD-3CD1-4E3E-8F50-9BAD94AAAA5B}
		{7FABD999-E719-44B9-8757-8E04EF4170AC} = {3C30C7AD-3CD1-4E3E-8F50-9BAD94AAAA5B}
		{2755213C-B1FA-4DB7-AC6A-C73BCBC59731} = {3C30C7AD-3CD1-4E3E-8F50-9BAD94AAAA5B}
		{15DC5C7C-D841-4B8B-AF31-EF4668A11640} = {3C30C7AD-3CD1-4E3E-8F50-9BAD94AAAA5B}
		{C301EFA0-31CB-42E8-89F5-55ACF2BF0A1C} = {3C30C7AD-3CD1-4E3E-8F50-9BAD94AAAA5B}
		{B290CE18-AD99-4C37-87D8-80FA9911C2DC} = {3C30C7AD-3CD1-4E3E-8F50-9BAD94AAAA5B}
		{64AB7F1D-7E31-4A90-B535-AB97DE138C0F} = {3C30C7AD-3CD1-4E3E-8F50-9BAD94AAAA5B}
		{38DB589C-9A13-453F-BD2F-E57BB471A1C2} = {3C30C7AD-3CD1-4E3E-8F50-9BAD94AAAA5B}
		{A8A837D0-7855-4DA9-902A-4AC00206C59C} = {3C30C7AD-3CD1-4E3E-8F50-9BAD94AAAA5B}
		{8AE3AAC2-CD28-45EA-BDCC-62F06A0A6708} = {3C30C7AD-3CD1-4E3E-8F50-9BAD94AAAA5B}
		{185032CA-F15C-4CA8-9757-39EC87F3558F} = {3C30C7AD-3CD1-4E3E-8F50-9BAD94AAAA5B}
		{483979F5-0E64-4C61-BAD8-9A9B872F75D7} = {7CB6E86D-7511-4572-A852-E112B14E29D9}
		{1011D489-FA57-4B8C-90C2-86F8F9823DEE} = {7CB6E86D-7511-4572-A852-E112B14E29D9}
		{217A1733-E3AE-44F0-8E0C-6437D2796599} = {7CB6E86D-7511-4572-A852-E112B14E29D9}
		{0255E21D-AD6D-4E3A-880E-E10EEF09A3F2} = {7CB6E86D-7511-4572-A852-E112B14E29D9}
		{C12D86C7-C1DB-4885-9F29-8459B4C87F41} = {7CB6E86D-7511-4572-A852-E112B14E29D9}
		{480C7DFC-16B8-4F29-B866-89A0A26BE2A6} = {7CB6E86D-7511-4572-A852-E112B14E29D9}
		{7FD9C98B-44EB-44EC-AAD7-1EF342BB452E} = {7CB6E86D-7511-4572-A852-E112B14E29D9}
		{8537D647-708B-45BB-B6FE-A0BF487B6A74} = {7CB6E86D-7511-4572-A852-E112B14E29D9}
		{01333B8F-C01F-4E7B-A9A2-821733BFB944} = {7CB6E86D-7511-4572-A852-E112B14E29D9}
		{DC0F8CAB-72BF-470D-AE6B-D97CD668560C} = {7CB6E86D-7511-4572-A852-E112B14E29D9}
		{3FD9B69C-D4B5-47B9-96BD-AD9274BE52C0} = {7CB6E86D-7511-4572-A852-E112B14E29D9}
		{382F04A1-FEC0-43C3-9F40-66759553B80D} = {7CB6E86D-7511-4572-A852-E112B14E29D9}
		{C8D35CA6-C1F7-4FA5-B69B-1CE8A17D7DE8} = {E1A2EC54-2C42-4306-99BB-C49BD437A19F}
		{F0EC9D5C-324B-4C18-9AD1-0EF2A930C206} = {E1A2EC54-2C42-4306-99BB-C49BD437A19F}
		{B232C8AA-5845-41EE-ABF9-A612D2FFBA58} = {E1A2EC54-2C42-4306-99BB-C49BD437A19F}
		{7A5D9162-536A-44FF-B47B-88A6BE81293F} = {E1A2EC54-2C42-4306-99BB-C49BD437A19F}
		{A7CC6AD5-878B-4671-880E-F4D176A38B13} = {E1A2EC54-2C42-4306-99BB-C49BD437A19F}
		{8CA6B19D-C43B-4B1E-9220-5C6FB9639E06} = {E1A2EC54-2C42-4306-99BB-C49BD437A19F}
		{90F698D0-FE45-4538-92E8-9A711D25AFCF} = {E1A2EC54-2C42-4306-99BB-C49BD437A19F}
		{01BA289F-F072-415B-97B2-DD54C45BAEE1} = {E1A2EC54-2C42-4306-99BB-C49BD437A19F}
		{F4D9F1BF-5A28-4133-BE5A-93E0DFC6E811} = {E1A2EC54-2C42-4306-99BB-C49BD437A19F}
		{3562905C-89B3-49F2-9A37-A10CD48E961C} = {E1A2EC54-2C42-4306-99BB-C49BD437A19F}
		{F96E887B-7B37-4FC7-AD54-4A6A398F2DCC} = {E1A2EC54-2C42-4306-99BB-C49BD437A19F}
		{D94415F6-6239-4642-9DE7-7B25521FB266} = {E1A2EC54-2C42-4306-99BB-C49BD437A19F}
		{1FFC72B9-F3AD-4747-80D3-F8D03BC417C8} = {E1A2EC54-2C42-4306-99BB-C49BD437A19F}
	EndGlobalSection
	GlobalSection(ExtensibilityGlobals) = postSolution
		SolutionGuid = {486665F3-2429-429B-BB30-3118D1608F45}
	EndGlobalSection
EndGlobal
