
Microsoft Visual Studio Solution File, Format Version 12.00
# Visual Studio 15
VisualStudioVersion = 15.0.28307.421
MinimumVisualStudioVersion = 10.0.40219.1
Project("{9A19103F-16F7-4668-BE54-9A1E7A4F7556}") = "HelloWorld", "MinApp\HelloWorld.csproj", "{A1FB59CC-2DE4-437E-83EF-9EA9ED43AC60}"
EndProject
Project("{FAE04EC0-301F-11D3-BF4B-00C04F79EFBC}") = "DebugDemo", "DebugDemo\DebugDemo.csproj", "{1CDBB8FA-D682-467B-9F35-6DCC70F22FDC}"
EndProject
Project("{9A19103F-16F7-4668-BE54-9A1E7A4F7556}") = "TestProjekt", "TestProjekt\TestProjekt.csproj", "{19AEFF08-00DD-47D1-AF49-A88AC3BF49F6}"
EndProject
Project("{FAE04EC0-301F-11D3-BF4B-00C04F79EFBC}") = "BrugAfVariabler_Tal", "BrugAfVariabler_Tal\BrugAfVariabler_Tal.csproj", "{29ACB25D-8B56-4F26-A6B7-E02704362983}"
EndProject
Project("{FAE04EC0-301F-11D3-BF4B-00C04F79EFBC}") = "regnemaskine_typekonvertering", "regnemaskine_typekonvertering\regnemaskine_typekonvertering.csproj", "{C16210C3-DF1C-484F-B528-8392B747EB3D}"
EndProject
Global
	GlobalSection(SolutionConfigurationPlatforms) = preSolution
		Debug|Any CPU = Debug|Any CPU
		Release|Any CPU = Release|Any CPU
	EndGlobalSection
	GlobalSection(ProjectConfigurationPlatforms) = postSolution
		{A1FB59CC-2DE4-437E-83EF-9EA9ED43AC60}.Debug|Any CPU.ActiveCfg = Debug|Any CPU
		{A1FB59CC-2DE4-437E-83EF-9EA9ED43AC60}.Debug|Any CPU.Build.0 = Debug|Any CPU
		{A1FB59CC-2DE4-437E-83EF-9EA9ED43AC60}.Release|Any CPU.ActiveCfg = Release|Any CPU
		{A1FB59CC-2DE4-437E-83EF-9EA9ED43AC60}.Release|Any CPU.Build.0 = Release|Any CPU
		{1CDBB8FA-D682-467B-9F35-6DCC70F22FDC}.Debug|Any CPU.ActiveCfg = Debug|Any CPU
		{1CDBB8FA-D682-467B-9F35-6DCC70F22FDC}.Debug|Any CPU.Build.0 = Debug|Any CPU
		{1CDBB8FA-D682-467B-9F35-6DCC70F22FDC}.Release|Any CPU.ActiveCfg = Release|Any CPU
		{1CDBB8FA-D682-467B-9F35-6DCC70F22FDC}.Release|Any CPU.Build.0 = Release|Any CPU
		{19AEFF08-00DD-47D1-AF49-A88AC3BF49F6}.Debug|Any CPU.ActiveCfg = Debug|Any CPU
		{19AEFF08-00DD-47D1-AF49-A88AC3BF49F6}.Debug|Any CPU.Build.0 = Debug|Any CPU
		{19AEFF08-00DD-47D1-AF49-A88AC3BF49F6}.Release|Any CPU.ActiveCfg = Release|Any CPU
		{19AEFF08-00DD-47D1-AF49-A88AC3BF49F6}.Release|Any CPU.Build.0 = Release|Any CPU
		{29ACB25D-8B56-4F26-A6B7-E02704362983}.Debug|Any CPU.ActiveCfg = Debug|Any CPU
		{29ACB25D-8B56-4F26-A6B7-E02704362983}.Debug|Any CPU.Build.0 = Debug|Any CPU
		{29ACB25D-8B56-4F26-A6B7-E02704362983}.Release|Any CPU.ActiveCfg = Release|Any CPU
		{29ACB25D-8B56-4F26-A6B7-E02704362983}.Release|Any CPU.Build.0 = Release|Any CPU
		{C16210C3-DF1C-484F-B528-8392B747EB3D}.Debug|Any CPU.ActiveCfg = Debug|Any CPU
		{C16210C3-DF1C-484F-B528-8392B747EB3D}.Debug|Any CPU.Build.0 = Debug|Any CPU
		{C16210C3-DF1C-484F-B528-8392B747EB3D}.Release|Any CPU.ActiveCfg = Release|Any CPU
		{C16210C3-DF1C-484F-B528-8392B747EB3D}.Release|Any CPU.Build.0 = Release|Any CPU
	EndGlobalSection
	GlobalSection(SolutionProperties) = preSolution
		HideSolutionNode = FALSE
	EndGlobalSection
	GlobalSection(ExtensibilityGlobals) = postSolution
		SolutionGuid = {486665F3-2429-429B-BB30-3118D1608F45}
	EndGlobalSection
EndGlobal
